
Microsoft Visual Studio Solution File, Format Version 12.00
# Visual Studio Version 16
VisualStudioVersion = 16.0.29519.87
MinimumVisualStudioVersion = 10.0.40219.1
Project("{9A19103F-16F7-4668-BE54-9A1E7A4F7556}") = "Excel2SqlServer.Library", "Excel2SqlServer.Library\Excel2SqlServer.Library.csproj", "{C110E3C3-254A-4EFB-84AD-082C25248D87}"
EndProject
Project("{FAE04EC0-301F-11D3-BF4B-00C04F79EFBC}") = "Testing", "Testing\Testing.csproj", "{A0101EBC-C08A-44FE-93AE-B12D51B19CDC}"
EndProject
Global
	GlobalSection(SolutionConfigurationPlatforms) = preSolution
		Debug|Any CPU = Debug|Any CPU
		Release|Any CPU = Release|Any CPU
	EndGlobalSection
	GlobalSection(ProjectConfigurationPlatforms) = postSolution
		{C110E3C3-254A-4EFB-84AD-082C25248D87}.Debug|Any CPU.ActiveCfg = Debug|Any CPU
		{C110E3C3-254A-4EFB-84AD-082C25248D87}.Debug|Any CPU.Build.0 = Debug|Any CPU
		{C110E3C3-254A-4EFB-84AD-082C25248D87}.Release|Any CPU.ActiveCfg = Release|Any CPU
		{C110E3C3-254A-4EFB-84AD-082C25248D87}.Release|Any CPU.Build.0 = Release|Any CPU
		{A0101EBC-C08A-44FE-93AE-B12D51B19CDC}.Debug|Any CPU.ActiveCfg = Debug|Any CPU
		{A0101EBC-C08A-44FE-93AE-B12D51B19CDC}.Debug|Any CPU.Build.0 = Debug|Any CPU
		{A0101EBC-C08A-44FE-93AE-B12D51B19CDC}.Release|Any CPU.ActiveCfg = Release|Any CPU
		{A0101EBC-C08A-44FE-93AE-B12D51B19CDC}.Release|Any CPU.Build.0 = Release|Any CPU
	EndGlobalSection
	GlobalSection(SolutionProperties) = preSolution
		HideSolutionNode = FALSE
	EndGlobalSection
	GlobalSection(ExtensibilityGlobals) = postSolution
		SolutionGuid = {A78AA04B-5AFB-4682-8A03-375D4AA84245}
	EndGlobalSection
EndGlobal
